// !$*UTF8*$!
{
	archiveVersion = 1;
	classes = {
	};
	objectVersion = 56;
	objects = {

/* Begin PBXBuildFile section */
		FA0F145C2BF6628E007B9ACC /* SingleImageViewController.swift in Sources */ = {isa = PBXBuildFile; fileRef = FA0F145B2BF6628E007B9ACC /* SingleImageViewController.swift */; };
		FA10EAC82BAA871E00C0B14D /* ImagesListCell.swift in Sources */ = {isa = PBXBuildFile; fileRef = FA10EAC72BAA871E00C0B14D /* ImagesListCell.swift */; };
		FA42EFE32BB11F7D00E01768 /* ProfileViewController.swift in Sources */ = {isa = PBXBuildFile; fileRef = FA42EFE22BB11F7D00E01768 /* ProfileViewController.swift */; };
		FA59C19D2C102D8800046FF5 /* Constants.swift in Sources */ = {isa = PBXBuildFile; fileRef = FA59C19C2C102D8800046FF5 /* Constants.swift */; };
		FA59C19F2C10B3BB00046FF5 /* AuthViewController.swift in Sources */ = {isa = PBXBuildFile; fileRef = FA59C19E2C10B3BB00046FF5 /* AuthViewController.swift */; };
		FA59C1A22C10D2B800046FF5 /* WebViewViewController.swift in Sources */ = {isa = PBXBuildFile; fileRef = FA59C1A12C10D2B800046FF5 /* WebViewViewController.swift */; };
		FA59C1A52C119AB700046FF5 /* UIImageExtension.swift in Sources */ = {isa = PBXBuildFile; fileRef = FA59C1A42C119AB700046FF5 /* UIImageExtension.swift */; };
		FADEE6D32B95A99A00EA35FE /* AppDelegate.swift in Sources */ = {isa = PBXBuildFile; fileRef = FADEE6D22B95A99A00EA35FE /* AppDelegate.swift */; };
		FADEE6D52B95A99A00EA35FE /* SceneDelegate.swift in Sources */ = {isa = PBXBuildFile; fileRef = FADEE6D42B95A99A00EA35FE /* SceneDelegate.swift */; };
		FADEE6D72B95A99A00EA35FE /* ImagesListViewController.swift in Sources */ = {isa = PBXBuildFile; fileRef = FADEE6D62B95A99A00EA35FE /* ImagesListViewController.swift */; };
		FADEE6DA2B95A99A00EA35FE /* Main.storyboard in Resources */ = {isa = PBXBuildFile; fileRef = FADEE6D82B95A99A00EA35FE /* Main.storyboard */; };
		FADEE6DC2B95A99C00EA35FE /* Assets.xcassets in Resources */ = {isa = PBXBuildFile; fileRef = FADEE6DB2B95A99C00EA35FE /* Assets.xcassets */; };
		FADEE6DF2B95A99C00EA35FE /* LaunchScreen.storyboard in Resources */ = {isa = PBXBuildFile; fileRef = FADEE6DD2B95A99C00EA35FE /* LaunchScreen.storyboard */; };
/* End PBXBuildFile section */

/* Begin PBXFileReference section */
		FA0F145B2BF6628E007B9ACC /* SingleImageViewController.swift */ = {isa = PBXFileReference; lastKnownFileType = sourcecode.swift; path = SingleImageViewController.swift; sourceTree = "<group>"; };
		FA10EAC72BAA871E00C0B14D /* ImagesListCell.swift */ = {isa = PBXFileReference; lastKnownFileType = sourcecode.swift; path = ImagesListCell.swift; sourceTree = "<group>"; };
		FA42EFE22BB11F7D00E01768 /* ProfileViewController.swift */ = {isa = PBXFileReference; lastKnownFileType = sourcecode.swift; path = ProfileViewController.swift; sourceTree = "<group>"; };
		FA59C19C2C102D8800046FF5 /* Constants.swift */ = {isa = PBXFileReference; lastKnownFileType = sourcecode.swift; path = Constants.swift; sourceTree = "<group>"; };
		FA59C19E2C10B3BB00046FF5 /* AuthViewController.swift */ = {isa = PBXFileReference; lastKnownFileType = sourcecode.swift; path = AuthViewController.swift; sourceTree = "<group>"; };
		FA59C1A12C10D2B800046FF5 /* WebViewViewController.swift */ = {isa = PBXFileReference; lastKnownFileType = sourcecode.swift; path = WebViewViewController.swift; sourceTree = "<group>"; };
		FA59C1A42C119AB700046FF5 /* UIImageExtension.swift */ = {isa = PBXFileReference; lastKnownFileType = sourcecode.swift; path = UIImageExtension.swift; sourceTree = "<group>"; };
		FADEE6CF2B95A99A00EA35FE /* ImageFeed.app */ = {isa = PBXFileReference; explicitFileType = wrapper.application; includeInIndex = 0; path = ImageFeed.app; sourceTree = BUILT_PRODUCTS_DIR; };
		FADEE6D22B95A99A00EA35FE /* AppDelegate.swift */ = {isa = PBXFileReference; lastKnownFileType = sourcecode.swift; path = AppDelegate.swift; sourceTree = "<group>"; };
		FADEE6D42B95A99A00EA35FE /* SceneDelegate.swift */ = {isa = PBXFileReference; lastKnownFileType = sourcecode.swift; path = SceneDelegate.swift; sourceTree = "<group>"; };
		FADEE6D62B95A99A00EA35FE /* ImagesListViewController.swift */ = {isa = PBXFileReference; lastKnownFileType = sourcecode.swift; path = ImagesListViewController.swift; sourceTree = "<group>"; };
		FADEE6D92B95A99A00EA35FE /* Base */ = {isa = PBXFileReference; lastKnownFileType = file.storyboard; name = Base; path = Base.lproj/Main.storyboard; sourceTree = "<group>"; };
		FADEE6DB2B95A99C00EA35FE /* Assets.xcassets */ = {isa = PBXFileReference; lastKnownFileType = folder.assetcatalog; path = Assets.xcassets; sourceTree = "<group>"; };
		FADEE6DE2B95A99C00EA35FE /* Base */ = {isa = PBXFileReference; lastKnownFileType = file.storyboard; name = Base; path = Base.lproj/LaunchScreen.storyboard; sourceTree = "<group>"; };
		FADEE6E02B95A99C00EA35FE /* Info.plist */ = {isa = PBXFileReference; lastKnownFileType = text.plist.xml; path = Info.plist; sourceTree = "<group>"; };
/* End PBXFileReference section */

/* Begin PBXFrameworksBuildPhase section */
		FADEE6CC2B95A99A00EA35FE /* Frameworks */ = {
			isa = PBXFrameworksBuildPhase;
			buildActionMask = 2147483647;
			files = (
			);
			runOnlyForDeploymentPostprocessing = 0;
		};
/* End PBXFrameworksBuildPhase section */

/* Begin PBXGroup section */
		FA10EAC92BAA874800C0B14D /* ImagesList */ = {
			isa = PBXGroup;
			children = (
				FADEE6D62B95A99A00EA35FE /* ImagesListViewController.swift */,
				FA10EAC72BAA871E00C0B14D /* ImagesListCell.swift */,
			);
			path = ImagesList;
			sourceTree = "<group>";
		};
		FA1AE7642BFB09CE00878DEF /* Profile */ = {
			isa = PBXGroup;
			children = (
				FA42EFE22BB11F7D00E01768 /* ProfileViewController.swift */,
			);
			path = Profile;
			sourceTree = "<group>";
		};
		FA1AE7652BFB09E000878DEF /* SingleImage */ = {
			isa = PBXGroup;
			children = (
				FA0F145B2BF6628E007B9ACC /* SingleImageViewController.swift */,
			);
			path = SingleImage;
			sourceTree = "<group>";
		};
		FA59C1A02C10C16000046FF5 /* Auth */ = {
			isa = PBXGroup;
			children = (
				FA59C19E2C10B3BB00046FF5 /* AuthViewController.swift */,
				FA59C1A12C10D2B800046FF5 /* WebViewViewController.swift */,
			);
			path = Auth;
			sourceTree = "<group>";
		};
		FA59C1A32C119A9D00046FF5 /* Extensions */ = {
			isa = PBXGroup;
			children = (
				FA59C1A42C119AB700046FF5 /* UIImageExtension.swift */,
			);
			path = Extensions;
			sourceTree = "<group>";
		};
		FADEE6C62B95A99A00EA35FE = {
			isa = PBXGroup;
			children = (
				FADEE6D12B95A99A00EA35FE /* ImageFeed */,
				FADEE6D02B95A99A00EA35FE /* Products */,
			);
			sourceTree = "<group>";
		};
		FADEE6D02B95A99A00EA35FE /* Products */ = {
			isa = PBXGroup;
			children = (
				FADEE6CF2B95A99A00EA35FE /* ImageFeed.app */,
			);
			name = Products;
			sourceTree = "<group>";
		};
		FADEE6D12B95A99A00EA35FE /* ImageFeed */ = {
			isa = PBXGroup;
			children = (
				FA59C1A32C119A9D00046FF5 /* Extensions */,
				FA59C1A02C10C16000046FF5 /* Auth */,
				FA59C19C2C102D8800046FF5 /* Constants.swift */,
				FA1AE7652BFB09E000878DEF /* SingleImage */,
				FA1AE7642BFB09CE00878DEF /* Profile */,
				FA10EAC92BAA874800C0B14D /* ImagesList */,
				FADEE6D22B95A99A00EA35FE /* AppDelegate.swift */,
				FADEE6D42B95A99A00EA35FE /* SceneDelegate.swift */,
				FADEE6D82B95A99A00EA35FE /* Main.storyboard */,
				FADEE6DB2B95A99C00EA35FE /* Assets.xcassets */,
				FADEE6DD2B95A99C00EA35FE /* LaunchScreen.storyboard */,
				FADEE6E02B95A99C00EA35FE /* Info.plist */,
			);
			path = ImageFeed;
			sourceTree = "<group>";
		};
/* End PBXGroup section */

/* Begin PBXNativeTarget section */
		FADEE6CE2B95A99A00EA35FE /* ImageFeed */ = {
			isa = PBXNativeTarget;
			buildConfigurationList = FADEE6E32B95A99C00EA35FE /* Build configuration list for PBXNativeTarget "ImageFeed" */;
			buildPhases = (
				FADEE6CB2B95A99A00EA35FE /* Sources */,
				FADEE6CC2B95A99A00EA35FE /* Frameworks */,
				FADEE6CD2B95A99A00EA35FE /* Resources */,
			);
			buildRules = (
			);
			dependencies = (
			);
			name = ImageFeed;
			productName = ImageFeed;
			productReference = FADEE6CF2B95A99A00EA35FE /* ImageFeed.app */;
			productType = "com.apple.product-type.application";
		};
/* End PBXNativeTarget section */

/* Begin PBXProject section */
		FADEE6C72B95A99A00EA35FE /* Project object */ = {
			isa = PBXProject;
			attributes = {
				BuildIndependentTargetsInParallel = 1;
				LastSwiftUpdateCheck = 1520;
				LastUpgradeCheck = 1520;
				TargetAttributes = {
					FADEE6CE2B95A99A00EA35FE = {
						CreatedOnToolsVersion = 15.2;
					};
				};
			};
			buildConfigurationList = FADEE6CA2B95A99A00EA35FE /* Build configuration list for PBXProject "ImageFeed" */;
			compatibilityVersion = "Xcode 14.0";
			developmentRegion = en;
			hasScannedForEncodings = 0;
			knownRegions = (
				en,
				Base,
			);
			mainGroup = FADEE6C62B95A99A00EA35FE;
			productRefGroup = FADEE6D02B95A99A00EA35FE /* Products */;
			projectDirPath = "";
			projectRoot = "";
			targets = (
				FADEE6CE2B95A99A00EA35FE /* ImageFeed */,
			);
		};
/* End PBXProject section */

/* Begin PBXResourcesBuildPhase section */
		FADEE6CD2B95A99A00EA35FE /* Resources */ = {
			isa = PBXResourcesBuildPhase;
			buildActionMask = 2147483647;
			files = (
				FADEE6DF2B95A99C00EA35FE /* LaunchScreen.storyboard in Resources */,
				FADEE6DC2B95A99C00EA35FE /* Assets.xcassets in Resources */,
				FADEE6DA2B95A99A00EA35FE /* Main.storyboard in Resources */,
			);
			runOnlyForDeploymentPostprocessing = 0;
		};
/* End PBXResourcesBuildPhase section */

/* Begin PBXSourcesBuildPhase section */
		FADEE6CB2B95A99A00EA35FE /* Sources */ = {
			isa = PBXSourcesBuildPhase;
			buildActionMask = 2147483647;
			files = (
				FADEE6D72B95A99A00EA35FE /* ImagesListViewController.swift in Sources */,
				FA10EAC82BAA871E00C0B14D /* ImagesListCell.swift in Sources */,
				FA42EFE32BB11F7D00E01768 /* ProfileViewController.swift in Sources */,
				FA59C1A52C119AB700046FF5 /* UIImageExtension.swift in Sources */,
				FA59C19D2C102D8800046FF5 /* Constants.swift in Sources */,
				FA59C19F2C10B3BB00046FF5 /* AuthViewController.swift in Sources */,
				FADEE6D32B95A99A00EA35FE /* AppDelegate.swift in Sources */,
				FA0F145C2BF6628E007B9ACC /* SingleImageViewController.swift in Sources */,
				FA59C1A22C10D2B800046FF5 /* WebViewViewController.swift in Sources */,
				FADEE6D52B95A99A00EA35FE /* SceneDelegate.swift in Sources */,
			);
			runOnlyForDeploymentPostprocessing = 0;
		};
/* End PBXSourcesBuildPhase section */

/* Begin PBXVariantGroup section */
		FADEE6D82B95A99A00EA35FE /* Main.storyboard */ = {
			isa = PBXVariantGroup;
			children = (
				FADEE6D92B95A99A00EA35FE /* Base */,
			);
			name = Main.storyboard;
			sourceTree = "<group>";
		};
		FADEE6DD2B95A99C00EA35FE /* LaunchScreen.storyboard */ = {
			isa = PBXVariantGroup;
			children = (
				FADEE6DE2B95A99C00EA35FE /* Base */,
			);
			name = LaunchScreen.storyboard;
			sourceTree = "<group>";
		};
/* End PBXVariantGroup section */

/* Begin XCBuildConfiguration section */
		FADEE6E12B95A99C00EA35FE /* Debug */ = {
			isa = XCBuildConfiguration;
			buildSettings = {
				ALWAYS_SEARCH_USER_PATHS = NO;
				ASSETCATALOG_COMPILER_GENERATE_SWIFT_ASSET_SYMBOL_EXTENSIONS = YES;
				CLANG_ANALYZER_NONNULL = YES;
				CLANG_ANALYZER_NUMBER_OBJECT_CONVERSION = YES_AGGRESSIVE;
				CLANG_CXX_LANGUAGE_STANDARD = "gnu++20";
				CLANG_ENABLE_MODULES = YES;
				CLANG_ENABLE_OBJC_ARC = YES;
				CLANG_ENABLE_OBJC_WEAK = YES;
				CLANG_WARN_BLOCK_CAPTURE_AUTORELEASING = YES;
				CLANG_WARN_BOOL_CONVERSION = YES;
				CLANG_WARN_COMMA = YES;
				CLANG_WARN_CONSTANT_CONVERSION = YES;
				CLANG_WARN_DEPRECATED_OBJC_IMPLEMENTATIONS = YES;
				CLANG_WARN_DIRECT_OBJC_ISA_USAGE = YES_ERROR;
				CLANG_WARN_DOCUMENTATION_COMMENTS = YES;
				CLANG_WARN_EMPTY_BODY = YES;
				CLANG_WARN_ENUM_CONVERSION = YES;
				CLANG_WARN_INFINITE_RECURSION = YES;
				CLANG_WARN_INT_CONVERSION = YES;
				CLANG_WARN_NON_LITERAL_NULL_CONVERSION = YES;
				CLANG_WARN_OBJC_IMPLICIT_RETAIN_SELF = YES;
				CLANG_WARN_OBJC_LITERAL_CONVERSION = YES;
				CLANG_WARN_OBJC_ROOT_CLASS = YES_ERROR;
				CLANG_WARN_QUOTED_INCLUDE_IN_FRAMEWORK_HEADER = YES;
				CLANG_WARN_RANGE_LOOP_ANALYSIS = YES;
				CLANG_WARN_STRICT_PROTOTYPES = YES;
				CLANG_WARN_SUSPICIOUS_MOVE = YES;
				CLANG_WARN_UNGUARDED_AVAILABILITY = YES_AGGRESSIVE;
				CLANG_WARN_UNREACHABLE_CODE = YES;
				CLANG_WARN__DUPLICATE_METHOD_MATCH = YES;
				COPY_PHASE_STRIP = NO;
				DEBUG_INFORMATION_FORMAT = dwarf;
				ENABLE_STRICT_OBJC_MSGSEND = YES;
				ENABLE_TESTABILITY = YES;
				ENABLE_USER_SCRIPT_SANDBOXING = YES;
				GCC_C_LANGUAGE_STANDARD = gnu17;
				GCC_DYNAMIC_NO_PIC = NO;
				GCC_NO_COMMON_BLOCKS = YES;
				GCC_OPTIMIZATION_LEVEL = 0;
				GCC_PREPROCESSOR_DEFINITIONS = (
					"DEBUG=1",
					"$(inherited)",
				);
				GCC_WARN_64_TO_32_BIT_CONVERSION = YES;
				GCC_WARN_ABOUT_RETURN_TYPE = YES_ERROR;
				GCC_WARN_UNDECLARED_SELECTOR = YES;
				GCC_WARN_UNINITIALIZED_AUTOS = YES_AGGRESSIVE;
				GCC_WARN_UNUSED_FUNCTION = YES;
				GCC_WARN_UNUSED_VARIABLE = YES;
				IPHONEOS_DEPLOYMENT_TARGET = 13.0;
				LOCALIZATION_PREFERS_STRING_CATALOGS = YES;
				MTL_ENABLE_DEBUG_INFO = INCLUDE_SOURCE;
				MTL_FAST_MATH = YES;
				ONLY_ACTIVE_ARCH = YES;
				SDKROOT = iphoneos;
				SWIFT_ACTIVE_COMPILATION_CONDITIONS = "DEBUG $(inherited)";
				SWIFT_OPTIMIZATION_LEVEL = "-Onone";
			};
			name = Debug;
		};
		FADEE6E22B95A99C00EA35FE /* Release */ = {
			isa = XCBuildConfiguration;
			buildSettings = {
				ALWAYS_SEARCH_USER_PATHS = NO;
				ASSETCATALOG_COMPILER_GENERATE_SWIFT_ASSET_SYMBOL_EXTENSIONS = YES;
				CLANG_ANALYZER_NONNULL = YES;
				CLANG_ANALYZER_NUMBER_OBJECT_CONVERSION = YES_AGGRESSIVE;
				CLANG_CXX_LANGUAGE_STANDARD = "gnu++20";
				CLANG_ENABLE_MODULES = YES;
				CLANG_ENABLE_OBJC_ARC = YES;
				CLANG_ENABLE_OBJC_WEAK = YES;
				CLANG_WARN_BLOCK_CAPTURE_AUTORELEASING = YES;
				CLANG_WARN_BOOL_CONVERSION = YES;
				CLANG_WARN_COMMA = YES;
				CLANG_WARN_CONSTANT_CONVERSION = YES;
				CLANG_WARN_DEPRECATED_OBJC_IMPLEMENTATIONS = YES;
				CLANG_WARN_DIRECT_OBJC_ISA_USAGE = YES_ERROR;
				CLANG_WARN_DOCUMENTATION_COMMENTS = YES;
				CLANG_WARN_EMPTY_BODY = YES;
				CLANG_WARN_ENUM_CONVERSION = YES;
				CLANG_WARN_INFINITE_RECURSION = YES;
				CLANG_WARN_INT_CONVERSION = YES;
				CLANG_WARN_NON_LITERAL_NULL_CONVERSION = YES;
				CLANG_WARN_OBJC_IMPLICIT_RETAIN_SELF = YES;
				CLANG_WARN_OBJC_LITERAL_CONVERSION = YES;
				CLANG_WARN_OBJC_ROOT_CLASS = YES_ERROR;
				CLANG_WARN_QUOTED_INCLUDE_IN_FRAMEWORK_HEADER = YES;
				CLANG_WARN_RANGE_LOOP_ANALYSIS = YES;
				CLANG_WARN_STRICT_PROTOTYPES = YES;
				CLANG_WARN_SUSPICIOUS_MOVE = YES;
				CLANG_WARN_UNGUARDED_AVAILABILITY = YES_AGGRESSIVE;
				CLANG_WARN_UNREACHABLE_CODE = YES;
				CLANG_WARN__DUPLICATE_METHOD_MATCH = YES;
				COPY_PHASE_STRIP = NO;
				DEBUG_INFORMATION_FORMAT = "dwarf-with-dsym";
				ENABLE_NS_ASSERTIONS = NO;
				ENABLE_STRICT_OBJC_MSGSEND = YES;
				ENABLE_USER_SCRIPT_SANDBOXING = YES;
				GCC_C_LANGUAGE_STANDARD = gnu17;
				GCC_NO_COMMON_BLOCKS = YES;
				GCC_WARN_64_TO_32_BIT_CONVERSION = YES;
				GCC_WARN_ABOUT_RETURN_TYPE = YES_ERROR;
				GCC_WARN_UNDECLARED_SELECTOR = YES;
				GCC_WARN_UNINITIALIZED_AUTOS = YES_AGGRESSIVE;
				GCC_WARN_UNUSED_FUNCTION = YES;
				GCC_WARN_UNUSED_VARIABLE = YES;
				IPHONEOS_DEPLOYMENT_TARGET = 13.0;
				LOCALIZATION_PREFERS_STRING_CATALOGS = YES;
				MTL_ENABLE_DEBUG_INFO = NO;
				MTL_FAST_MATH = YES;
				SDKROOT = iphoneos;
				SWIFT_COMPILATION_MODE = wholemodule;
				VALIDATE_PRODUCT = YES;
			};
			name = Release;
		};
		FADEE6E42B95A99C00EA35FE /* Debug */ = {
			isa = XCBuildConfiguration;
			buildSettings = {
				ASSETCATALOG_COMPILER_APPICON_NAME = AppIcon;
				ASSETCATALOG_COMPILER_GLOBAL_ACCENT_COLOR_NAME = AccentColor;
				CODE_SIGN_STYLE = Automatic;
				CURRENT_PROJECT_VERSION = 1;
				DEVELOPMENT_TEAM = D793X6U63C;
				GENERATE_INFOPLIST_FILE = YES;
				INFOPLIST_FILE = ImageFeed/Info.plist;
				INFOPLIST_KEY_UIApplicationSupportsIndirectInputEvents = YES;
				INFOPLIST_KEY_UILaunchStoryboardName = LaunchScreen;
				INFOPLIST_KEY_UIMainStoryboardFile = Main;
				INFOPLIST_KEY_UISupportedInterfaceOrientations = UIInterfaceOrientationPortrait;
				INFOPLIST_KEY_UISupportedInterfaceOrientations_iPad = "UIInterfaceOrientationLandscapeLeft UIInterfaceOrientationLandscapeRight UIInterfaceOrientationPortrait UIInterfaceOrientationPortraitUpsideDown";
				IPHONEOS_DEPLOYMENT_TARGET = 13;
				LD_RUNPATH_SEARCH_PATHS = (
					"$(inherited)",
					"@executable_path/Frameworks",
				);
				MARKETING_VERSION = 1.0;
				PRODUCT_BUNDLE_IDENTIFIER = ru.a0ex.ImageFeed;
				PRODUCT_NAME = "$(TARGET_NAME)";
				SUPPORTED_PLATFORMS = "iphoneos iphonesimulator";
				SUPPORTS_MACCATALYST = NO;
				SUPPORTS_MAC_DESIGNED_FOR_IPHONE_IPAD = NO;
				SUPPORTS_XR_DESIGNED_FOR_IPHONE_IPAD = NO;
				SWIFT_EMIT_LOC_STRINGS = YES;
				SWIFT_VERSION = 5.0;
				TARGETED_DEVICE_FAMILY = 1;
			};
			name = Debug;
		};
		FADEE6E52B95A99C00EA35FE /* Release */ = {
			isa = XCBuildConfiguration;
			buildSettings = {
				ASSETCATALOG_COMPILER_APPICON_NAME = AppIcon;
				ASSETCATALOG_COMPILER_GLOBAL_ACCENT_COLOR_NAME = AccentColor;
				CODE_SIGN_STYLE = Automatic;
				CURRENT_PROJECT_VERSION = 1;
				DEVELOPMENT_TEAM = D793X6U63C;
				GENERATE_INFOPLIST_FILE = YES;
				INFOPLIST_FILE = ImageFeed/Info.plist;
				INFOPLIST_KEY_UIApplicationSupportsIndirectInputEvents = YES;
				INFOPLIST_KEY_UILaunchStoryboardName = LaunchScreen;
				INFOPLIST_KEY_UIMainStoryboardFile = Main;
				INFOPLIST_KEY_UISupportedInterfaceOrientations = UIInterfaceOrientationPortrait;
				INFOPLIST_KEY_UISupportedInterfaceOrientations_iPad = "UIInterfaceOrientationLandscapeLeft UIInterfaceOrientationLandscapeRight UIInterfaceOrientationPortrait UIInterfaceOrientationPortraitUpsideDown";
				IPHONEOS_DEPLOYMENT_TARGET = 13;
				LD_RUNPATH_SEARCH_PATHS = (
					"$(inherited)",
					"@executable_path/Frameworks",
				);
				MARKETING_VERSION = 1.0;
				PRODUCT_BUNDLE_IDENTIFIER = ru.a0ex.ImageFeed;
				PRODUCT_NAME = "$(TARGET_NAME)";
				SUPPORTED_PLATFORMS = "iphoneos iphonesimulator";
				SUPPORTS_MACCATALYST = NO;
				SUPPORTS_MAC_DESIGNED_FOR_IPHONE_IPAD = NO;
				SUPPORTS_XR_DESIGNED_FOR_IPHONE_IPAD = NO;
				SWIFT_EMIT_LOC_STRINGS = YES;
				SWIFT_VERSION = 5.0;
				TARGETED_DEVICE_FAMILY = 1;
			};
			name = Release;
		};
/* End XCBuildConfiguration section */

/* Begin XCConfigurationList section */
		FADEE6CA2B95A99A00EA35FE /* Build configuration list for PBXProject "ImageFeed" */ = {
			isa = XCConfigurationList;
			buildConfigurations = (
				FADEE6E12B95A99C00EA35FE /* Debug */,
				FADEE6E22B95A99C00EA35FE /* Release */,
			);
			defaultConfigurationIsVisible = 0;
			defaultConfigurationName = Release;
		};
		FADEE6E32B95A99C00EA35FE /* Build configuration list for PBXNativeTarget "ImageFeed" */ = {
			isa = XCConfigurationList;
			buildConfigurations = (
				FADEE6E42B95A99C00EA35FE /* Debug */,
				FADEE6E52B95A99C00EA35FE /* Release */,
			);
			defaultConfigurationIsVisible = 0;
			defaultConfigurationName = Release;
		};
/* End XCConfigurationList section */
	};
	rootObject = FADEE6C72B95A99A00EA35FE /* Project object */;
}
